
Microsoft Visual Studio Solution File, Format Version 12.00
# Visual Studio Version 17
VisualStudioVersion = 17.14.36705.20
MinimumVisualStudioVersion = 10.0.40219.1
Project("{FAE04EC0-301F-11D3-BF4B-00C04F79EFBC}") = "APIs", "APIs.csproj", "{FD6361B2-E9F4-4D1D-AD26-B399113B6F61}"
EndProject
Project("{FAE04EC0-301F-11D3-BF4B-00C04F79EFBC}") = "Business", "..\Business\Business.csproj", "{7F28BD7E-E312-8462-8337-A340DB4A4A9E}"
EndProject
Project("{FAE04EC0-301F-11D3-BF4B-00C04F79EFBC}") = "Connection", "..\Connection\Connection.csproj", "{E170DB52-2BE6-0169-E2C8-F8438AEECA20}"
EndProject
Project("{FAE04EC0-301F-11D3-BF4B-00C04F79EFBC}") = "ExternalAPI", "..\ExternalAPI\ExternalAPI.csproj", "{CF600BFE-5CBE-A28D-746B-1A2C600FA514}"
EndProject
Global
	GlobalSection(SolutionConfigurationPlatforms) = preSolution
		Debug|Any CPU = Debug|Any CPU
		Release|Any CPU = Release|Any CPU
	EndGlobalSection
	GlobalSection(ProjectConfigurationPlatforms) = postSolution
		{FD6361B2-E9F4-4D1D-AD26-B399113B6F61}.Debug|Any CPU.ActiveCfg = Debug|Any CPU
		{FD6361B2-E9F4-4D1D-AD26-B399113B6F61}.Debug|Any CPU.Build.0 = Debug|Any CPU
		{FD6361B2-E9F4-4D1D-AD26-B399113B6F61}.Release|Any CPU.ActiveCfg = Release|Any CPU
		{FD6361B2-E9F4-4D1D-AD26-B399113B6F61}.Release|Any CPU.Build.0 = Release|Any CPU
		{7F28BD7E-E312-8462-8337-A340DB4A4A9E}.Debug|Any CPU.ActiveCfg = Debug|Any CPU
		{7F28BD7E-E312-8462-8337-A340DB4A4A9E}.Debug|Any CPU.Build.0 = Debug|Any CPU
		{7F28BD7E-E312-8462-8337-A340DB4A4A9E}.Release|Any CPU.ActiveCfg = Release|Any CPU
		{7F28BD7E-E312-8462-8337-A340DB4A4A9E}.Release|Any CPU.Build.0 = Release|Any CPU
		{E170DB52-2BE6-0169-E2C8-F8438AEECA20}.Debug|Any CPU.ActiveCfg = Debug|Any CPU
		{E170DB52-2BE6-0169-E2C8-F8438AEECA20}.Debug|Any CPU.Build.0 = Debug|Any CPU
		{E170DB52-2BE6-0169-E2C8-F8438AEECA20}.Release|Any CPU.ActiveCfg = Release|Any CPU
		{E170DB52-2BE6-0169-E2C8-F8438AEECA20}.Release|Any CPU.Build.0 = Release|Any CPU
		{CF600BFE-5CBE-A28D-746B-1A2C600FA514}.Debug|Any CPU.ActiveCfg = Debug|Any CPU
		{CF600BFE-5CBE-A28D-746B-1A2C600FA514}.Debug|Any CPU.Build.0 = Debug|Any CPU
		{CF600BFE-5CBE-A28D-746B-1A2C600FA514}.Release|Any CPU.ActiveCfg = Release|Any CPU
		{CF600BFE-5CBE-A28D-746B-1A2C600FA514}.Release|Any CPU.Build.0 = Release|Any CPU
	EndGlobalSection
	GlobalSection(SolutionProperties) = preSolution
		HideSolutionNode = FALSE
	EndGlobalSection
	GlobalSection(ExtensibilityGlobals) = postSolution
		SolutionGuid = {A21FD67D-B9CA-4B69-B4A5-4F8AD44D2ED8}
	EndGlobalSection
EndGlobal
